
Microsoft Visual Studio Solution File, Format Version 12.00
# Visual Studio Version 17
VisualStudioVersion = 17.2.32630.192
MinimumVisualStudioVersion = 10.0.40219.1
Project("{FAE04EC0-301F-11D3-BF4B-00C04F79EFBC}") = "Day 1 - Sonar Sweep", "Day 1 - Sonar Sweep\Day 1 - Sonar Sweep.csproj", "{C8947BDD-98CD-499B-88EC-225357E6B508}"
EndProject
Project("{FAE04EC0-301F-11D3-BF4B-00C04F79EFBC}") = "Day 2 - Dive!", "Day 2 - Dive!\Day 2 - Dive!.csproj", "{D14BF4B7-2208-4F2B-B8E1-0EDC6AA5558A}"
EndProject
Project("{FAE04EC0-301F-11D3-BF4B-00C04F79EFBC}") = "Day 3 - Binary Diagnostic", "Day 3 - Binary Diagnostic\Day 3 - Binary Diagnostic.csproj", "{A3887233-FEFE-4AF0-A6D6-13D00377BA8B}"
EndProject
Project("{FAE04EC0-301F-11D3-BF4B-00C04F79EFBC}") = "Day 4 - Giant Squid", "Day 4 - Giant Squid\Day 4 - Giant Squid.csproj", "{C35DCF4D-6628-40AB-8EF5-3EBAC6E33A95}"
EndProject
Project("{FAE04EC0-301F-11D3-BF4B-00C04F79EFBC}") = "Day 5 - Hydrothermal Venture", "Day 5 - Hydrothermal Venture\Day 5 - Hydrothermal Venture.csproj", "{F9F14818-4F8C-404F-B1F9-462E014FEFFF}"
EndProject
Project("{FAE04EC0-301F-11D3-BF4B-00C04F79EFBC}") = "Day 6 - Lanternfish", "Day 6 - Lanternfish\Day 6 - Lanternfish.csproj", "{30728101-DB53-4E2D-8A62-C95E5E3F5564}"
EndProject
Global
	GlobalSection(SolutionConfigurationPlatforms) = preSolution
		Debug|Any CPU = Debug|Any CPU
		Release|Any CPU = Release|Any CPU
	EndGlobalSection
	GlobalSection(ProjectConfigurationPlatforms) = postSolution
		{C8947BDD-98CD-499B-88EC-225357E6B508}.Debug|Any CPU.ActiveCfg = Debug|Any CPU
		{C8947BDD-98CD-499B-88EC-225357E6B508}.Debug|Any CPU.Build.0 = Debug|Any CPU
		{C8947BDD-98CD-499B-88EC-225357E6B508}.Release|Any CPU.ActiveCfg = Release|Any CPU
		{C8947BDD-98CD-499B-88EC-225357E6B508}.Release|Any CPU.Build.0 = Release|Any CPU
		{D14BF4B7-2208-4F2B-B8E1-0EDC6AA5558A}.Debug|Any CPU.ActiveCfg = Debug|Any CPU
		{D14BF4B7-2208-4F2B-B8E1-0EDC6AA5558A}.Debug|Any CPU.Build.0 = Debug|Any CPU
		{D14BF4B7-2208-4F2B-B8E1-0EDC6AA5558A}.Release|Any CPU.ActiveCfg = Release|Any CPU
		{D14BF4B7-2208-4F2B-B8E1-0EDC6AA5558A}.Release|Any CPU.Build.0 = Release|Any CPU
		{A3887233-FEFE-4AF0-A6D6-13D00377BA8B}.Debug|Any CPU.ActiveCfg = Debug|Any CPU
		{A3887233-FEFE-4AF0-A6D6-13D00377BA8B}.Debug|Any CPU.Build.0 = Debug|Any CPU
		{A3887233-FEFE-4AF0-A6D6-13D00377BA8B}.Release|Any CPU.ActiveCfg = Release|Any CPU
		{A3887233-FEFE-4AF0-A6D6-13D00377BA8B}.Release|Any CPU.Build.0 = Release|Any CPU
		{C35DCF4D-6628-40AB-8EF5-3EBAC6E33A95}.Debug|Any CPU.ActiveCfg = Debug|Any CPU
		{C35DCF4D-6628-40AB-8EF5-3EBAC6E33A95}.Debug|Any CPU.Build.0 = Debug|Any CPU
		{C35DCF4D-6628-40AB-8EF5-3EBAC6E33A95}.Release|Any CPU.ActiveCfg = Release|Any CPU
		{C35DCF4D-6628-40AB-8EF5-3EBAC6E33A95}.Release|Any CPU.Build.0 = Release|Any CPU
		{F9F14818-4F8C-404F-B1F9-462E014FEFFF}.Debug|Any CPU.ActiveCfg = Debug|Any CPU
		{F9F14818-4F8C-404F-B1F9-462E014FEFFF}.Debug|Any CPU.Build.0 = Debug|Any CPU
		{F9F14818-4F8C-404F-B1F9-462E014FEFFF}.Release|Any CPU.ActiveCfg = Release|Any CPU
		{F9F14818-4F8C-404F-B1F9-462E014FEFFF}.Release|Any CPU.Build.0 = Release|Any CPU
		{30728101-DB53-4E2D-8A62-C95E5E3F5564}.Debug|Any CPU.ActiveCfg = Debug|Any CPU
		{30728101-DB53-4E2D-8A62-C95E5E3F5564}.Debug|Any CPU.Build.0 = Debug|Any CPU
		{30728101-DB53-4E2D-8A62-C95E5E3F5564}.Release|Any CPU.ActiveCfg = Release|Any CPU
		{30728101-DB53-4E2D-8A62-C95E5E3F5564}.Release|Any CPU.Build.0 = Release|Any CPU
	EndGlobalSection
	GlobalSection(SolutionProperties) = preSolution
		HideSolutionNode = FALSE
	EndGlobalSection
	GlobalSection(ExtensibilityGlobals) = postSolution
		SolutionGuid = {6833042D-715F-46CB-904F-5F9DC28C36C6}
	EndGlobalSection
EndGlobal
